
Microsoft Visual Studio Solution File, Format Version 12.00
# Visual Studio 15
VisualStudioVersion = 15.0.27130.2024
MinimumVisualStudioVersion = 10.0.40219.1
Project("{FAE04EC0-301F-11D3-BF4B-00C04F79EFBC}") = "1.Coki-Skoki", "Coki-Skoki\1.Coki-Skoki.csproj", "{2C692F43-8D24-49D8-AE40-2C90BBAF9225}"
EndProject
Project("{FAE04EC0-301F-11D3-BF4B-00C04F79EFBC}") = "2.MessageInABottle", "MessageInABottle\2.MessageInABottle.csproj", "{F80F19AA-B11B-4FE4-BE16-BD56C84389FA}"
EndProject
Project("{FAE04EC0-301F-11D3-BF4B-00C04F79EFBC}") = "3.JediMeditation", "JediMeditation\3.JediMeditation.csproj", "{E207A119-9054-45EC-9840-6B393F6F4933}"
EndProject
Project("{FAE04EC0-301F-11D3-BF4B-00C04F79EFBC}") = "4.LargestAreaInMatrix", "LargestAreaInMatrix\4.LargestAreaInMatrix.csproj", "{95348081-BDDC-43CD-AB5F-FFFE9C0E51CB}"
EndProject
Project("{FAE04EC0-301F-11D3-BF4B-00C04F79EFBC}") = "5.Slogan", "Slogan\5.Slogan.csproj", "{B74376E0-9F81-4C93-8EF6-63F2A5610282}"
EndProject
Global
	GlobalSection(SolutionConfigurationPlatforms) = preSolution
		Debug|Any CPU = Debug|Any CPU
		Release|Any CPU = Release|Any CPU
	EndGlobalSection
	GlobalSection(ProjectConfigurationPlatforms) = postSolution
		{2C692F43-8D24-49D8-AE40-2C90BBAF9225}.Debug|Any CPU.ActiveCfg = Debug|Any CPU
		{2C692F43-8D24-49D8-AE40-2C90BBAF9225}.Debug|Any CPU.Build.0 = Debug|Any CPU
		{2C692F43-8D24-49D8-AE40-2C90BBAF9225}.Release|Any CPU.ActiveCfg = Release|Any CPU
		{2C692F43-8D24-49D8-AE40-2C90BBAF9225}.Release|Any CPU.Build.0 = Release|Any CPU
		{F80F19AA-B11B-4FE4-BE16-BD56C84389FA}.Debug|Any CPU.ActiveCfg = Debug|Any CPU
		{F80F19AA-B11B-4FE4-BE16-BD56C84389FA}.Debug|Any CPU.Build.0 = Debug|Any CPU
		{F80F19AA-B11B-4FE4-BE16-BD56C84389FA}.Release|Any CPU.ActiveCfg = Release|Any CPU
		{F80F19AA-B11B-4FE4-BE16-BD56C84389FA}.Release|Any CPU.Build.0 = Release|Any CPU
		{E207A119-9054-45EC-9840-6B393F6F4933}.Debug|Any CPU.ActiveCfg = Debug|Any CPU
		{E207A119-9054-45EC-9840-6B393F6F4933}.Debug|Any CPU.Build.0 = Debug|Any CPU
		{E207A119-9054-45EC-9840-6B393F6F4933}.Release|Any CPU.ActiveCfg = Release|Any CPU
		{E207A119-9054-45EC-9840-6B393F6F4933}.Release|Any CPU.Build.0 = Release|Any CPU
		{95348081-BDDC-43CD-AB5F-FFFE9C0E51CB}.Debug|Any CPU.ActiveCfg = Debug|Any CPU
		{95348081-BDDC-43CD-AB5F-FFFE9C0E51CB}.Debug|Any CPU.Build.0 = Debug|Any CPU
		{95348081-BDDC-43CD-AB5F-FFFE9C0E51CB}.Release|Any CPU.ActiveCfg = Release|Any CPU
		{95348081-BDDC-43CD-AB5F-FFFE9C0E51CB}.Release|Any CPU.Build.0 = Release|Any CPU
		{B74376E0-9F81-4C93-8EF6-63F2A5610282}.Debug|Any CPU.ActiveCfg = Debug|Any CPU
		{B74376E0-9F81-4C93-8EF6-63F2A5610282}.Debug|Any CPU.Build.0 = Debug|Any CPU
		{B74376E0-9F81-4C93-8EF6-63F2A5610282}.Release|Any CPU.ActiveCfg = Release|Any CPU
		{B74376E0-9F81-4C93-8EF6-63F2A5610282}.Release|Any CPU.Build.0 = Release|Any CPU
	EndGlobalSection
	GlobalSection(SolutionProperties) = preSolution
		HideSolutionNode = FALSE
	EndGlobalSection
	GlobalSection(ExtensibilityGlobals) = postSolution
		SolutionGuid = {011E5B63-1476-449E-AE9F-E61FC03E8623}
	EndGlobalSection
EndGlobal
